{
  "originHash" : "327c44a15f973edf7642334409325e6817595bb88c6d54ddfe8be691eb05b835",
  "pins" : [
    {
      "identity" : "alertkit",
      "kind" : "remoteSourceControl",
      "location" : "https://github.com/mrevanzak/AlertKit",
      "state" : {
        "branch" : "v5",
        "revision" : "cbff10906c775857dbf582f2dc87a8388db50c68"
      }
    },
    {
      "identity" : "swiftuix",
      "kind" : "remoteSourceControl",
      "location" : "https://github.com/SwiftUIX/SwiftUIX.git",
      "state" : {
        "revision" : "d9f903b214b9d56e3c1e4533b03359aee94acd5d",
        "version" : "0.2.4"
      }
    }
  ],
  "version" : 3
}
